
Microsoft Visual Studio Solution File, Format Version 12.00
# Visual Studio Version 16
VisualStudioVersion = 16.0.30104.148
MinimumVisualStudioVersion = 10.0.40219.1
Project("{9A19103F-16F7-4668-BE54-9A1E7A4F7556}") = "algs_lessons", "algs_lessons\algs_lessons.csproj", "{692B89FF-3356-4D3C-8B42-00877C874E3B}"
EndProject
Project("{FAE04EC0-301F-11D3-BF4B-00C04F79EFBC}") = "algs_lessons.Tests", "algs_lessons.Tests\algs_lessons.Tests.csproj", "{627FE3DD-4077-4B39-A000-B51DB927C42B}"
EndProject
Global
	GlobalSection(SolutionConfigurationPlatforms) = preSolution
		Debug|Any CPU = Debug|Any CPU
		Release|Any CPU = Release|Any CPU
	EndGlobalSection
	GlobalSection(ProjectConfigurationPlatforms) = postSolution
		{692B89FF-3356-4D3C-8B42-00877C874E3B}.Debug|Any CPU.ActiveCfg = Debug|Any CPU
		{692B89FF-3356-4D3C-8B42-00877C874E3B}.Debug|Any CPU.Build.0 = Debug|Any CPU
		{692B89FF-3356-4D3C-8B42-00877C874E3B}.Release|Any CPU.ActiveCfg = Release|Any CPU
		{692B89FF-3356-4D3C-8B42-00877C874E3B}.Release|Any CPU.Build.0 = Release|Any CPU
		{627FE3DD-4077-4B39-A000-B51DB927C42B}.Debug|Any CPU.ActiveCfg = Debug|Any CPU
		{627FE3DD-4077-4B39-A000-B51DB927C42B}.Debug|Any CPU.Build.0 = Debug|Any CPU
		{627FE3DD-4077-4B39-A000-B51DB927C42B}.Release|Any CPU.ActiveCfg = Release|Any CPU
		{627FE3DD-4077-4B39-A000-B51DB927C42B}.Release|Any CPU.Build.0 = Release|Any CPU
	EndGlobalSection
	GlobalSection(SolutionProperties) = preSolution
		HideSolutionNode = FALSE
	EndGlobalSection
	GlobalSection(ExtensibilityGlobals) = postSolution
		SolutionGuid = {78019022-CBEE-417C-968C-DD286ED30349}
	EndGlobalSection
EndGlobal
